# This file is automatically @generated by Cargo.
# It is not intended for manual editing.
version = 3

[[package]]
name = "course-parser"
version = "0.1.0"
dependencies = [
 "tl",
]

[[package]]
name = "tl"
version = "0.7.7"
source = "registry+https://github.com/rust-lang/crates.io-index"
checksum = "d5e993a1c7c32fdf90a308cec4d457f507b2573acc909bd6e7a092321664fdb3"
